
Microsoft Visual Studio Solution File, Format Version 12.00
# Visual Studio Version 16
VisualStudioVersion = 16.0.30523.141
MinimumVisualStudioVersion = 10.0.40219.1
Project("{FAE04EC0-301F-11D3-BF4B-00C04F79EFBC}") = "triangle", "triangle.csproj", "{51713904-F862-4E0C-A9C8-383A6518AC33}"
EndProject
Global
	GlobalSection(SolutionConfigurationPlatforms) = preSolution
		Debug|Any CPU = Debug|Any CPU
		Release|Any CPU = Release|Any CPU
	EndGlobalSection
	GlobalSection(ProjectConfigurationPlatforms) = postSolution
		{51713904-F862-4E0C-A9C8-383A6518AC33}.Debug|Any CPU.ActiveCfg = Debug|Any CPU
		{51713904-F862-4E0C-A9C8-383A6518AC33}.Debug|Any CPU.Build.0 = Debug|Any CPU
		{51713904-F862-4E0C-A9C8-383A6518AC33}.Release|Any CPU.ActiveCfg = Release|Any CPU
		{51713904-F862-4E0C-A9C8-383A6518AC33}.Release|Any CPU.Build.0 = Release|Any CPU
	EndGlobalSection
	GlobalSection(SolutionProperties) = preSolution
		HideSolutionNode = FALSE
	EndGlobalSection
	GlobalSection(ExtensibilityGlobals) = postSolution
		SolutionGuid = {B88CF761-6971-4347-AFD4-FFFE46401E08}
	EndGlobalSection
EndGlobal
